
Microsoft Visual Studio Solution File, Format Version 12.00
# Visual Studio Version 16
VisualStudioVersion = 16.0.30907.101
MinimumVisualStudioVersion = 10.0.40219.1
Project("{9A19103F-16F7-4668-BE54-9A1E7A4F7556}") = "VogCodeChallenge.API", "VogCodeChallenge.API\VogCodeChallenge.API.csproj", "{649E2F02-19DF-49A3-947E-E66001977524}"
EndProject
Project("{9A19103F-16F7-4668-BE54-9A1E7A4F7556}") = "VogCodeChallenge.Tests", "VogCodeChallenge.Tests\VogCodeChallenge.Tests.csproj", "{226C056E-700C-4FA8-8F2D-5E5B97BD96BF}"
EndProject
Project("{E53339B2-1760-4266-BCC7-CA923CBCF16C}") = "docker-compose", "docker-compose.dcproj", "{72C50DC6-3421-4AAF-8D77-8FAC78102B0A}"
EndProject
Project("{2150E333-8FDC-42A3-9474-1A3956D46DE8}") = "Solution Items", "Solution Items", "{7066C342-01BD-459C-A3E8-A3D0A207A270}"
	ProjectSection(SolutionItems) = preProject
		step_6.txt = step_6.txt
	EndProjectSection
EndProject
Project("{9A19103F-16F7-4668-BE54-9A1E7A4F7556}") = "VogCodeChallenge.Step7", "VogCodeChallenge.Step7\VogCodeChallenge.Step7.csproj", "{70AF43DA-503A-4330-AEF0-7660AC9E5F8F}"
EndProject
Project("{9A19103F-16F7-4668-BE54-9A1E7A4F7556}") = "VogCodeChallenge.Step9", "VogCodeChallenge.Step9\VogCodeChallenge.Step9.csproj", "{4DFA80D5-BA42-4788-9733-BD8EA9066536}"
EndProject
Global
	GlobalSection(SolutionConfigurationPlatforms) = preSolution
		Debug|Any CPU = Debug|Any CPU
		Release|Any CPU = Release|Any CPU
	EndGlobalSection
	GlobalSection(ProjectConfigurationPlatforms) = postSolution
		{649E2F02-19DF-49A3-947E-E66001977524}.Debug|Any CPU.ActiveCfg = Debug|Any CPU
		{649E2F02-19DF-49A3-947E-E66001977524}.Debug|Any CPU.Build.0 = Debug|Any CPU
		{649E2F02-19DF-49A3-947E-E66001977524}.Release|Any CPU.ActiveCfg = Release|Any CPU
		{649E2F02-19DF-49A3-947E-E66001977524}.Release|Any CPU.Build.0 = Release|Any CPU
		{226C056E-700C-4FA8-8F2D-5E5B97BD96BF}.Debug|Any CPU.ActiveCfg = Debug|Any CPU
		{226C056E-700C-4FA8-8F2D-5E5B97BD96BF}.Debug|Any CPU.Build.0 = Debug|Any CPU
		{226C056E-700C-4FA8-8F2D-5E5B97BD96BF}.Release|Any CPU.ActiveCfg = Release|Any CPU
		{226C056E-700C-4FA8-8F2D-5E5B97BD96BF}.Release|Any CPU.Build.0 = Release|Any CPU
		{72C50DC6-3421-4AAF-8D77-8FAC78102B0A}.Debug|Any CPU.ActiveCfg = Debug|Any CPU
		{72C50DC6-3421-4AAF-8D77-8FAC78102B0A}.Debug|Any CPU.Build.0 = Debug|Any CPU
		{72C50DC6-3421-4AAF-8D77-8FAC78102B0A}.Release|Any CPU.ActiveCfg = Release|Any CPU
		{72C50DC6-3421-4AAF-8D77-8FAC78102B0A}.Release|Any CPU.Build.0 = Release|Any CPU
		{70AF43DA-503A-4330-AEF0-7660AC9E5F8F}.Debug|Any CPU.ActiveCfg = Debug|Any CPU
		{70AF43DA-503A-4330-AEF0-7660AC9E5F8F}.Debug|Any CPU.Build.0 = Debug|Any CPU
		{70AF43DA-503A-4330-AEF0-7660AC9E5F8F}.Release|Any CPU.ActiveCfg = Release|Any CPU
		{70AF43DA-503A-4330-AEF0-7660AC9E5F8F}.Release|Any CPU.Build.0 = Release|Any CPU
		{4DFA80D5-BA42-4788-9733-BD8EA9066536}.Debug|Any CPU.ActiveCfg = Debug|Any CPU
		{4DFA80D5-BA42-4788-9733-BD8EA9066536}.Debug|Any CPU.Build.0 = Debug|Any CPU
		{4DFA80D5-BA42-4788-9733-BD8EA9066536}.Release|Any CPU.ActiveCfg = Release|Any CPU
		{4DFA80D5-BA42-4788-9733-BD8EA9066536}.Release|Any CPU.Build.0 = Release|Any CPU
	EndGlobalSection
	GlobalSection(SolutionProperties) = preSolution
		HideSolutionNode = FALSE
	EndGlobalSection
	GlobalSection(ExtensibilityGlobals) = postSolution
		SolutionGuid = {59EC6119-5354-411E-9A52-FD266CA12789}
	EndGlobalSection
EndGlobal
