
Microsoft Visual Studio Solution File, Format Version 12.00
# Visual Studio Version 16
VisualStudioVersion = 16.0.30907.101
MinimumVisualStudioVersion = 10.0.40219.1
Project("{FAE04EC0-301F-11D3-BF4B-00C04F79EFBC}") = "VogCodeChallenge.API", "VogCodeChallenge.API\VogCodeChallenge.API.csproj", "{649E2F02-19DF-49A3-947E-E66001977524}"
EndProject
Global
	GlobalSection(SolutionConfigurationPlatforms) = preSolution
		Debug|Any CPU = Debug|Any CPU
		Release|Any CPU = Release|Any CPU
	EndGlobalSection
	GlobalSection(ProjectConfigurationPlatforms) = postSolution
		{649E2F02-19DF-49A3-947E-E66001977524}.Debug|Any CPU.ActiveCfg = Debug|Any CPU
		{649E2F02-19DF-49A3-947E-E66001977524}.Debug|Any CPU.Build.0 = Debug|Any CPU
		{649E2F02-19DF-49A3-947E-E66001977524}.Release|Any CPU.ActiveCfg = Release|Any CPU
		{649E2F02-19DF-49A3-947E-E66001977524}.Release|Any CPU.Build.0 = Release|Any CPU
	EndGlobalSection
	GlobalSection(SolutionProperties) = preSolution
		HideSolutionNode = FALSE
	EndGlobalSection
	GlobalSection(ExtensibilityGlobals) = postSolution
		SolutionGuid = {59EC6119-5354-411E-9A52-FD266CA12789}
	EndGlobalSection
EndGlobal
